
Microsoft Visual Studio Solution File, Format Version 12.00
# Visual Studio Version 17
VisualStudioVersion = 17.8.34330.188
MinimumVisualStudioVersion = 10.0.40219.1
Project("{9A19103F-16F7-4668-BE54-9A1E7A4F7556}") = "FinancesMVC", "FinancesMVC.csproj", "{75ACAEBE-7A53-48D1-B8E6-B18F015F20A2}"
EndProject
Project("{9A19103F-16F7-4668-BE54-9A1E7A4F7556}") = "FinancesDomain", "..\FinancesDomain\FinancesDomain.csproj", "{486263D6-BB6E-40FC-8A6F-4CB1E8EFB5F8}"
EndProject
Global
	GlobalSection(SolutionConfigurationPlatforms) = preSolution
		Debug|Any CPU = Debug|Any CPU
		Release|Any CPU = Release|Any CPU
	EndGlobalSection
	GlobalSection(ProjectConfigurationPlatforms) = postSolution
		{75ACAEBE-7A53-48D1-B8E6-B18F015F20A2}.Debug|Any CPU.ActiveCfg = Debug|Any CPU
		{75ACAEBE-7A53-48D1-B8E6-B18F015F20A2}.Debug|Any CPU.Build.0 = Debug|Any CPU
		{75ACAEBE-7A53-48D1-B8E6-B18F015F20A2}.Release|Any CPU.ActiveCfg = Release|Any CPU
		{75ACAEBE-7A53-48D1-B8E6-B18F015F20A2}.Release|Any CPU.Build.0 = Release|Any CPU
		{486263D6-BB6E-40FC-8A6F-4CB1E8EFB5F8}.Debug|Any CPU.ActiveCfg = Debug|Any CPU
		{486263D6-BB6E-40FC-8A6F-4CB1E8EFB5F8}.Debug|Any CPU.Build.0 = Debug|Any CPU
		{486263D6-BB6E-40FC-8A6F-4CB1E8EFB5F8}.Release|Any CPU.ActiveCfg = Release|Any CPU
		{486263D6-BB6E-40FC-8A6F-4CB1E8EFB5F8}.Release|Any CPU.Build.0 = Release|Any CPU
	EndGlobalSection
	GlobalSection(SolutionProperties) = preSolution
		HideSolutionNode = FALSE
	EndGlobalSection
	GlobalSection(ExtensibilityGlobals) = postSolution
		SolutionGuid = {850AC408-50F0-4B18-AB2F-6E963C170165}
	EndGlobalSection
EndGlobal
